{
  "version": 4,
  "terraform_version": "1.15.5",
  "serial": 2,
  "lineage": "0dea4a4d-978d-4735-e0d5-56edbd22e27c",
  "outputs": {
    "server_ip": {
      "value": "46.101.188.64",
      "type": "string"
    }
  },
  "resources": [
    {
      "mode": "managed",
      "type": "digitalocean_droplet",
      "name": "app",
      "provider": "provider[\"registry.terraform.io/digitalocean/digitalocean\"]",
      "instances": [
        {
          "schema_version": 1,
          "attributes": {
            "backup_policy": [],
            "backups": false,
            "created_at": "2026-06-08T01:59:53Z",
            "disk": 25,
            "droplet_agent": null,
            "graceful_shutdown": false,
            "id": "576064697",
            "image": "ubuntu-22-04-x64",
            "ipv4_address": "46.101.188.64",
            "ipv4_address_private": "10.114.0.2",
            "ipv6": false,
            "ipv6_address": "",
            "locked": false,
            "memory": 1024,
            "monitoring": false,
            "name": "todos-app",
            "price_hourly": 0.00893,
            "price_monthly": 6,
            "private_networking": true,
            "public_networking": true,
            "region": "fra1",
            "resize_disk": true,
            "size": "s-1vcpu-1gb",
            "ssh_keys": null,
            "status": "active",
            "tags": null,
            "timeouts": null,
            "urn": "do:droplet:576064697",
            "user_data": null,
            "vcpus": 1,
            "volume_ids": [],
            "vpc_uuid": "b50fe5cc-d86c-4d31-81eb-9c3b9d7281b3"
          },
          "sensitive_attributes": [],
          "identity_schema_version": 0,
          "private": "eyJlMmJmYjczMC1lY2FhLTExZTYtOGY4OC0zNDM2M2JjN2M0YzAiOnsiY3JlYXRlIjozNjAwMDAwMDAwMDAwLCJkZWxldGUiOjYwMDAwMDAwMDAwLCJ1cGRhdGUiOjM2MDAwMDAwMDAwMDB9LCJzY2hlbWFfdmVyc2lvbiI6IjEifQ=="
        }
      ]
    }
  ],
  "check_results": null
}
